
Microsoft Visual Studio Solution File, Format Version 12.00
# Visual Studio Version 17
VisualStudioVersion = 17.14.37314.3
MinimumVisualStudioVersion = 10.0.40219.1
Project("{8BC9CEB8-8B4A-11D0-8D11-00A0C91BC942}") = "MKTHook", "MKTHook\MKTHook.vcxproj", "{B4B144D2-FFD8-488C-93E5-FF59E62560EA}"
EndProject
Global
	GlobalSection(SolutionConfigurationPlatforms) = preSolution
		Debug|x64 = Debug|x64
		Debug|x86 = Debug|x86
		Release|x64 = Release|x64
		Release|x86 = Release|x86
	EndGlobalSection
	GlobalSection(ProjectConfigurationPlatforms) = postSolution
		{B4B144D2-FFD8-488C-93E5-FF59E62560EA}.Debug|x64.ActiveCfg = Debug|Win32
		{B4B144D2-FFD8-488C-93E5-FF59E62560EA}.Debug|x86.ActiveCfg = Debug|Win32
		{B4B144D2-FFD8-488C-93E5-FF59E62560EA}.Debug|x86.Build.0 = Debug|Win32
		{B4B144D2-FFD8-488C-93E5-FF59E62560EA}.Release|x64.ActiveCfg = Release|Win32
		{B4B144D2-FFD8-488C-93E5-FF59E62560EA}.Release|x86.ActiveCfg = Release|Win32
		{B4B144D2-FFD8-488C-93E5-FF59E62560EA}.Release|x86.Build.0 = Release|Win32
	EndGlobalSection
	GlobalSection(SolutionProperties) = preSolution
		HideSolutionNode = FALSE
	EndGlobalSection
	GlobalSection(ExtensibilityGlobals) = postSolution
		SolutionGuid = {9BC12D9F-107A-4020-95E1-EC7B235DB795}
	EndGlobalSection
EndGlobal
